
Microsoft Visual Studio Solution File, Format Version 12.00
# Visual Studio Version 17
VisualStudioVersion = 17.0.32014.148
MinimumVisualStudioVersion = 10.0.40219.1
Project("{9A19103F-16F7-4668-BE54-9A1E7A4F7556}") = "5_Operators", "5_Operators.csproj", "{8C35C10E-1F18-4FA9-8D2F-CF036B29E182}"
EndProject
Project("{9A19103F-16F7-4668-BE54-9A1E7A4F7556}") = "5_OperatorsChallenge.Tests", "..\5_OperatorsChallenge.Tests\5_OperatorsChallenge.Tests.csproj", "{9DDFDAD4-8AFA-42EE-9928-B03919210FC0}"
EndProject
Global
	GlobalSection(SolutionConfigurationPlatforms) = preSolution
		Debug|Any CPU = Debug|Any CPU
		Release|Any CPU = Release|Any CPU
	EndGlobalSection
	GlobalSection(ProjectConfigurationPlatforms) = postSolution
		{8C35C10E-1F18-4FA9-8D2F-CF036B29E182}.Debug|Any CPU.ActiveCfg = Debug|Any CPU
		{8C35C10E-1F18-4FA9-8D2F-CF036B29E182}.Debug|Any CPU.Build.0 = Debug|Any CPU
		{8C35C10E-1F18-4FA9-8D2F-CF036B29E182}.Release|Any CPU.ActiveCfg = Release|Any CPU
		{8C35C10E-1F18-4FA9-8D2F-CF036B29E182}.Release|Any CPU.Build.0 = Release|Any CPU
		{9DDFDAD4-8AFA-42EE-9928-B03919210FC0}.Debug|Any CPU.ActiveCfg = Debug|Any CPU
		{9DDFDAD4-8AFA-42EE-9928-B03919210FC0}.Debug|Any CPU.Build.0 = Debug|Any CPU
		{9DDFDAD4-8AFA-42EE-9928-B03919210FC0}.Release|Any CPU.ActiveCfg = Release|Any CPU
		{9DDFDAD4-8AFA-42EE-9928-B03919210FC0}.Release|Any CPU.Build.0 = Release|Any CPU
	EndGlobalSection
	GlobalSection(SolutionProperties) = preSolution
		HideSolutionNode = FALSE
	EndGlobalSection
	GlobalSection(ExtensibilityGlobals) = postSolution
		SolutionGuid = {5F234FCE-6909-4DF6-ABBC-C0D1DAAE22D6}
	EndGlobalSection
EndGlobal
