
Microsoft Visual Studio Solution File, Format Version 12.00
# Visual Studio Version 17
VisualStudioVersion = 17.0.32014.148
MinimumVisualStudioVersion = 10.0.40219.1
Project("{9A19103F-16F7-4668-BE54-9A1E7A4F7556}") = "6_FlowControl", "6_FlowControl.csproj", "{897AD6C5-7425-4123-A934-065CAE8AB818}"
EndProject
Project("{9A19103F-16F7-4668-BE54-9A1E7A4F7556}") = "6_FlowControlChallenge.Tests", "..\6_FlowControlChallenge.Tests\6_FlowControlChallenge.Tests.csproj", "{FC038D93-0861-4907-A432-1D5BB6DFA049}"
EndProject
Global
	GlobalSection(SolutionConfigurationPlatforms) = preSolution
		Debug|Any CPU = Debug|Any CPU
		Release|Any CPU = Release|Any CPU
	EndGlobalSection
	GlobalSection(ProjectConfigurationPlatforms) = postSolution
		{897AD6C5-7425-4123-A934-065CAE8AB818}.Debug|Any CPU.ActiveCfg = Debug|Any CPU
		{897AD6C5-7425-4123-A934-065CAE8AB818}.Debug|Any CPU.Build.0 = Debug|Any CPU
		{897AD6C5-7425-4123-A934-065CAE8AB818}.Release|Any CPU.ActiveCfg = Release|Any CPU
		{897AD6C5-7425-4123-A934-065CAE8AB818}.Release|Any CPU.Build.0 = Release|Any CPU
		{FC038D93-0861-4907-A432-1D5BB6DFA049}.Debug|Any CPU.ActiveCfg = Debug|Any CPU
		{FC038D93-0861-4907-A432-1D5BB6DFA049}.Debug|Any CPU.Build.0 = Debug|Any CPU
		{FC038D93-0861-4907-A432-1D5BB6DFA049}.Release|Any CPU.ActiveCfg = Release|Any CPU
		{FC038D93-0861-4907-A432-1D5BB6DFA049}.Release|Any CPU.Build.0 = Release|Any CPU
	EndGlobalSection
	GlobalSection(SolutionProperties) = preSolution
		HideSolutionNode = FALSE
	EndGlobalSection
	GlobalSection(ExtensibilityGlobals) = postSolution
		SolutionGuid = {C55C957D-68EC-478E-8EA0-C4BC8A707263}
	EndGlobalSection
EndGlobal
